
Microsoft Visual Studio Solution File, Format Version 12.00
# Visual Studio Version 17
VisualStudioVersion = 17.0.31912.275
MinimumVisualStudioVersion = 10.0.40219.1
Project("{8BC9CEB8-8B4A-11D0-8D11-00A0C91BC942}") = "TcpServer1.4", "Tcp100\Tcp100.vcxproj", "{807CB702-D9B9-4DE6-BC09-E62B798DBAC6}"
EndProject
Project("{8BC9CEB8-8B4A-11D0-8D11-00A0C91BC942}") = "TcpClient1.4", "TcpClient1.4\TcpClient1.4.vcxproj", "{88EAFD31-96E6-4D47-B583-363F7C7B8E09}"
EndProject
Project("{8BC9CEB8-8B4A-11D0-8D11-00A0C91BC942}") = "TcpClient1.5", "TcpClient1.5\TcpClient1.5.vcxproj", "{367CB74A-5787-4B37-B43D-31843BFBE0A0}"
EndProject
Project("{8BC9CEB8-8B4A-11D0-8D11-00A0C91BC942}") = "TcpServer1.5", "TcpServer1.5\TcpServer1.5.vcxproj", "{4712E3FC-6354-4BE1-8A8B-2737CAE7DAFA}"
EndProject
Global
	GlobalSection(SolutionConfigurationPlatforms) = preSolution
		Debug|x64 = Debug|x64
		Debug|x86 = Debug|x86
		Release|x64 = Release|x64
		Release|x86 = Release|x86
	EndGlobalSection
	GlobalSection(ProjectConfigurationPlatforms) = postSolution
		{807CB702-D9B9-4DE6-BC09-E62B798DBAC6}.Debug|x64.ActiveCfg = Debug|x64
		{807CB702-D9B9-4DE6-BC09-E62B798DBAC6}.Debug|x64.Build.0 = Debug|x64
		{807CB702-D9B9-4DE6-BC09-E62B798DBAC6}.Debug|x86.ActiveCfg = Debug|Win32
		{807CB702-D9B9-4DE6-BC09-E62B798DBAC6}.Debug|x86.Build.0 = Debug|Win32
		{807CB702-D9B9-4DE6-BC09-E62B798DBAC6}.Release|x64.ActiveCfg = Release|x64
		{807CB702-D9B9-4DE6-BC09-E62B798DBAC6}.Release|x64.Build.0 = Release|x64
		{807CB702-D9B9-4DE6-BC09-E62B798DBAC6}.Release|x86.ActiveCfg = Release|Win32
		{807CB702-D9B9-4DE6-BC09-E62B798DBAC6}.Release|x86.Build.0 = Release|Win32
		{88EAFD31-96E6-4D47-B583-363F7C7B8E09}.Debug|x64.ActiveCfg = Debug|x64
		{88EAFD31-96E6-4D47-B583-363F7C7B8E09}.Debug|x64.Build.0 = Debug|x64
		{88EAFD31-96E6-4D47-B583-363F7C7B8E09}.Debug|x86.ActiveCfg = Debug|Win32
		{88EAFD31-96E6-4D47-B583-363F7C7B8E09}.Debug|x86.Build.0 = Debug|Win32
		{88EAFD31-96E6-4D47-B583-363F7C7B8E09}.Release|x64.ActiveCfg = Release|x64
		{88EAFD31-96E6-4D47-B583-363F7C7B8E09}.Release|x64.Build.0 = Release|x64
		{88EAFD31-96E6-4D47-B583-363F7C7B8E09}.Release|x86.ActiveCfg = Release|Win32
		{88EAFD31-96E6-4D47-B583-363F7C7B8E09}.Release|x86.Build.0 = Release|Win32
		{367CB74A-5787-4B37-B43D-31843BFBE0A0}.Debug|x64.ActiveCfg = Debug|x64
		{367CB74A-5787-4B37-B43D-31843BFBE0A0}.Debug|x64.Build.0 = Debug|x64
		{367CB74A-5787-4B37-B43D-31843BFBE0A0}.Debug|x86.ActiveCfg = Debug|Win32
		{367CB74A-5787-4B37-B43D-31843BFBE0A0}.Debug|x86.Build.0 = Debug|Win32
		{367CB74A-5787-4B37-B43D-31843BFBE0A0}.Release|x64.ActiveCfg = Release|x64
		{367CB74A-5787-4B37-B43D-31843BFBE0A0}.Release|x64.Build.0 = Release|x64
		{367CB74A-5787-4B37-B43D-31843BFBE0A0}.Release|x86.ActiveCfg = Release|Win32
		{367CB74A-5787-4B37-B43D-31843BFBE0A0}.Release|x86.Build.0 = Release|Win32
		{4712E3FC-6354-4BE1-8A8B-2737CAE7DAFA}.Debug|x64.ActiveCfg = Debug|x64
		{4712E3FC-6354-4BE1-8A8B-2737CAE7DAFA}.Debug|x64.Build.0 = Debug|x64
		{4712E3FC-6354-4BE1-8A8B-2737CAE7DAFA}.Debug|x86.ActiveCfg = Debug|Win32
		{4712E3FC-6354-4BE1-8A8B-2737CAE7DAFA}.Debug|x86.Build.0 = Debug|Win32
		{4712E3FC-6354-4BE1-8A8B-2737CAE7DAFA}.Release|x64.ActiveCfg = Release|x64
		{4712E3FC-6354-4BE1-8A8B-2737CAE7DAFA}.Release|x64.Build.0 = Release|x64
		{4712E3FC-6354-4BE1-8A8B-2737CAE7DAFA}.Release|x86.ActiveCfg = Release|Win32
		{4712E3FC-6354-4BE1-8A8B-2737CAE7DAFA}.Release|x86.Build.0 = Release|Win32
	EndGlobalSection
	GlobalSection(SolutionProperties) = preSolution
		HideSolutionNode = FALSE
	EndGlobalSection
	GlobalSection(ExtensibilityGlobals) = postSolution
		SolutionGuid = {202085C4-C39F-4026-B299-26602573C043}
	EndGlobalSection
EndGlobal
