
Microsoft Visual Studio Solution File, Format Version 12.00
# Visual Studio Version 17
VisualStudioVersion = 17.0.31912.275
MinimumVisualStudioVersion = 10.0.40219.1
Project("{8BC9CEB8-8B4A-11D0-8D11-00A0C91BC942}") = "TcpClient1.6", "TcpClient1.5.vcxproj", "{367CB74A-5787-4B37-B43D-31843BFBE0A0}"
EndProject
Project("{8BC9CEB8-8B4A-11D0-8D11-00A0C91BC942}") = "TcpServer1.6", "..\TcpServer1.6\TcpServer1.5.vcxproj", "{4712E3FC-6354-4BE1-8A8B-2737CAE7DAFA}"
EndProject
Project("{8BC9CEB8-8B4A-11D0-8D11-00A0C91BC942}") = "TcpClient1.7", "..\TcpClient1.7\TcpClient1.7.vcxproj", "{D66C8026-675A-472B-A23E-26CE2610A958}"
EndProject
Project("{8BC9CEB8-8B4A-11D0-8D11-00A0C91BC942}") = "TcpServer1.7", "..\TcpServer1.7\TcpServer1.7.vcxproj", "{43FC1CEB-31F3-43D4-B625-2CE96D0A966F}"
EndProject
Project("{8BC9CEB8-8B4A-11D0-8D11-00A0C91BC942}") = "TcpServer1.8", "..\TcpServer1.8\TcpServer1.8.vcxproj", "{55495AA2-02E1-4B63-9315-CE2DA72DC2B8}"
EndProject
Project("{8BC9CEB8-8B4A-11D0-8D11-00A0C91BC942}") = "TcpClient1.8", "..\TcpClient1.8\TcpClient1.8.vcxproj", "{37080202-EF07-4A92-A435-10D32596F6C9}"
EndProject
Global
	GlobalSection(SolutionConfigurationPlatforms) = preSolution
		Debug|x64 = Debug|x64
		Debug|x86 = Debug|x86
		Release|x64 = Release|x64
		Release|x86 = Release|x86
	EndGlobalSection
	GlobalSection(ProjectConfigurationPlatforms) = postSolution
		{367CB74A-5787-4B37-B43D-31843BFBE0A0}.Debug|x64.ActiveCfg = Debug|x64
		{367CB74A-5787-4B37-B43D-31843BFBE0A0}.Debug|x64.Build.0 = Debug|x64
		{367CB74A-5787-4B37-B43D-31843BFBE0A0}.Debug|x86.ActiveCfg = Debug|Win32
		{367CB74A-5787-4B37-B43D-31843BFBE0A0}.Debug|x86.Build.0 = Debug|Win32
		{367CB74A-5787-4B37-B43D-31843BFBE0A0}.Release|x64.ActiveCfg = Release|x64
		{367CB74A-5787-4B37-B43D-31843BFBE0A0}.Release|x64.Build.0 = Release|x64
		{367CB74A-5787-4B37-B43D-31843BFBE0A0}.Release|x86.ActiveCfg = Release|Win32
		{367CB74A-5787-4B37-B43D-31843BFBE0A0}.Release|x86.Build.0 = Release|Win32
		{4712E3FC-6354-4BE1-8A8B-2737CAE7DAFA}.Debug|x64.ActiveCfg = Debug|x64
		{4712E3FC-6354-4BE1-8A8B-2737CAE7DAFA}.Debug|x64.Build.0 = Debug|x64
		{4712E3FC-6354-4BE1-8A8B-2737CAE7DAFA}.Debug|x86.ActiveCfg = Debug|Win32
		{4712E3FC-6354-4BE1-8A8B-2737CAE7DAFA}.Debug|x86.Build.0 = Debug|Win32
		{4712E3FC-6354-4BE1-8A8B-2737CAE7DAFA}.Release|x64.ActiveCfg = Release|x64
		{4712E3FC-6354-4BE1-8A8B-2737CAE7DAFA}.Release|x64.Build.0 = Release|x64
		{4712E3FC-6354-4BE1-8A8B-2737CAE7DAFA}.Release|x86.ActiveCfg = Release|Win32
		{4712E3FC-6354-4BE1-8A8B-2737CAE7DAFA}.Release|x86.Build.0 = Release|Win32
		{D66C8026-675A-472B-A23E-26CE2610A958}.Debug|x64.ActiveCfg = Debug|x64
		{D66C8026-675A-472B-A23E-26CE2610A958}.Debug|x64.Build.0 = Debug|x64
		{D66C8026-675A-472B-A23E-26CE2610A958}.Debug|x86.ActiveCfg = Debug|Win32
		{D66C8026-675A-472B-A23E-26CE2610A958}.Debug|x86.Build.0 = Debug|Win32
		{D66C8026-675A-472B-A23E-26CE2610A958}.Release|x64.ActiveCfg = Release|x64
		{D66C8026-675A-472B-A23E-26CE2610A958}.Release|x64.Build.0 = Release|x64
		{D66C8026-675A-472B-A23E-26CE2610A958}.Release|x86.ActiveCfg = Release|Win32
		{D66C8026-675A-472B-A23E-26CE2610A958}.Release|x86.Build.0 = Release|Win32
		{43FC1CEB-31F3-43D4-B625-2CE96D0A966F}.Debug|x64.ActiveCfg = Debug|x64
		{43FC1CEB-31F3-43D4-B625-2CE96D0A966F}.Debug|x64.Build.0 = Debug|x64
		{43FC1CEB-31F3-43D4-B625-2CE96D0A966F}.Debug|x86.ActiveCfg = Debug|Win32
		{43FC1CEB-31F3-43D4-B625-2CE96D0A966F}.Debug|x86.Build.0 = Debug|Win32
		{43FC1CEB-31F3-43D4-B625-2CE96D0A966F}.Release|x64.ActiveCfg = Release|x64
		{43FC1CEB-31F3-43D4-B625-2CE96D0A966F}.Release|x64.Build.0 = Release|x64
		{43FC1CEB-31F3-43D4-B625-2CE96D0A966F}.Release|x86.ActiveCfg = Release|Win32
		{43FC1CEB-31F3-43D4-B625-2CE96D0A966F}.Release|x86.Build.0 = Release|Win32
		{55495AA2-02E1-4B63-9315-CE2DA72DC2B8}.Debug|x64.ActiveCfg = Debug|x64
		{55495AA2-02E1-4B63-9315-CE2DA72DC2B8}.Debug|x64.Build.0 = Debug|x64
		{55495AA2-02E1-4B63-9315-CE2DA72DC2B8}.Debug|x86.ActiveCfg = Debug|Win32
		{55495AA2-02E1-4B63-9315-CE2DA72DC2B8}.Debug|x86.Build.0 = Debug|Win32
		{55495AA2-02E1-4B63-9315-CE2DA72DC2B8}.Release|x64.ActiveCfg = Release|x64
		{55495AA2-02E1-4B63-9315-CE2DA72DC2B8}.Release|x64.Build.0 = Release|x64
		{55495AA2-02E1-4B63-9315-CE2DA72DC2B8}.Release|x86.ActiveCfg = Release|Win32
		{55495AA2-02E1-4B63-9315-CE2DA72DC2B8}.Release|x86.Build.0 = Release|Win32
		{37080202-EF07-4A92-A435-10D32596F6C9}.Debug|x64.ActiveCfg = Debug|x64
		{37080202-EF07-4A92-A435-10D32596F6C9}.Debug|x64.Build.0 = Debug|x64
		{37080202-EF07-4A92-A435-10D32596F6C9}.Debug|x86.ActiveCfg = Debug|Win32
		{37080202-EF07-4A92-A435-10D32596F6C9}.Debug|x86.Build.0 = Debug|Win32
		{37080202-EF07-4A92-A435-10D32596F6C9}.Release|x64.ActiveCfg = Release|x64
		{37080202-EF07-4A92-A435-10D32596F6C9}.Release|x64.Build.0 = Release|x64
		{37080202-EF07-4A92-A435-10D32596F6C9}.Release|x86.ActiveCfg = Release|Win32
		{37080202-EF07-4A92-A435-10D32596F6C9}.Release|x86.Build.0 = Release|Win32
	EndGlobalSection
	GlobalSection(SolutionProperties) = preSolution
		HideSolutionNode = FALSE
	EndGlobalSection
	GlobalSection(ExtensibilityGlobals) = postSolution
		SolutionGuid = {005C763B-DCEB-49AE-9723-90F3CB84E83B}
	EndGlobalSection
EndGlobal
